{
    "_meta": {
        "hash": {
            "sha256": "ef04ae31ad0eb20f64277aec1b4041f77f90d74d9bbddaf7054e06dcd0c2ce7a"
        },
        "pipfile-spec": 6,
        "requires": {
            "python_version": "3.6"
        },
        "sources": [
            {
                "name": "pypi",
                "url": "https://pypi.python.org/simple",
                "verify_ssl": true
            }
        ]
    },
    "default": {
        "alabaster": {
            "hashes": [
                "sha256:2eef172f44e8d301d25aff8068fddd65f767a3f04b5f15b0f4922f113aa1c732",
                "sha256:37cdcb9e9954ed60912ebc1ca12a9d12178c26637abdf124e3cde2341c257fe0"
            ],
            "index": "pypi",
            "version": "==0.7.10"
        },
        "appdirs": {
            "hashes": [
                "sha256:9e5896d1372858f8dd3344faf4e5014d21849c756c8d5701f78f8a103b372d92",
                "sha256:d8b24664561d0d34ddfaec54636d502d7cea6e29c3eaf68f3df6180863e2166e"
            ],
            "index": "pypi",
            "version": "==1.4.3"
        },
        "babel": {
            "hashes": [
                "sha256:8c98f5e5f8f5f088571f2c6bd88d530e331cbbcb95a7311a0db69d3dca7ec563",
                "sha256:e86ca5a3a6bb64b9bbb62b9dac37225ec0ab5dfaae3c2492ebd648266468042f"
            ],
            "index": "pypi",
            "version": "==2.4.0"
        },
        "certifi": {
            "hashes": [
                "sha256:f4318671072f030a33c7ca6acaef720ddd50ff124d1388e50c1bda4cbd6d7010",
                "sha256:f7527ebf7461582ce95f7a9e03dd141ce810d40590834f4ec20cddd54234c10a"
            ],
            "index": "pypi",
            "version": "==2017.4.17"
        },
        "chardet": {
            "hashes": [
                "sha256:77df6d712a6037ed6f247ad1dd67faca506f64bc1295d43533e9212a101f28cb",
                "sha256:8da3f329e2c5779247f4cff7081512c531731ef6a9c6ef78084e8ed8d18226c7"
            ],
            "index": "pypi",
            "version": "==3.0.3"
        },
        "dill": {
            "hashes": [
                "sha256:ddda0107e68e4eb1772a9f434f62a513c080c7171bd0dd6fb65d992788509812"
            ],
            "index": "pypi",
            "version": "==0.2.7"
        },
        "docutils": {
            "hashes": [
                "sha256:718c0f5fb677be0f34b781e04241c4067cbd9327b66bdd8e763201130f5175be",
                "sha256:cb3ebcb09242804f84bdbf0b26504077a054da6772c6f4d625f335cc53ebf94d",
                "sha256:de454f1015958450b72641165c08afe7023cd7e3944396448f2fb1b0ccba9d77"
            ],
            "index": "pypi",
            "version": "==0.13.1"
        },
        "idna": {
            "hashes": [
                "sha256:3cb5ce08046c4e3a560fc02f138d0ac63e00f8ce5901a56b32ec8b7994082aab",
                "sha256:cc19709fd6d0cbfed39ea875d29ba6d4e22c0cebc510a76d6302a28385e8bb70"
            ],
            "index": "pypi",
            "version": "==2.5"
        },
        "imagesize": {
            "hashes": [
                "sha256:0ab2c62b87987e3252f89d30b7cedbec12a01af9274af9ffa48108f2c13c6062",
                "sha256:6ebdc9e0ad188f9d1b2cdd9bc59cbe42bf931875e829e7a595e6b3abdc05cdfb"
            ],
            "index": "pypi",
            "version": "==0.7.1"
        },
        "jinja2": {
            "hashes": [
                "sha256:2231bace0dfd8d2bf1e5d7e41239c06c9e0ded46e70cc1094a0aa64b0afeb054",
                "sha256:ddaa01a212cd6d641401cb01b605f4a4d9f37bfc93043d7f760ec70fb99ff9ff"
            ],
            "index": "pypi",
            "version": "==2.9.6"
        },
        "markupsafe": {
            "hashes": [
                "sha256:a6be69091dac236ea9c6bc7d012beab42010fa914c459791d627dad4910eb665"
            ],
            "index": "pypi",
            "version": "==1.0"
        },
        "numpy": {
            "hashes": [
                "sha256:130105bfc0b03245115da67b441c48597bf1ed7f5385f8388ce4f75cdf2f91d2",
                "sha256:3b21dc40fa1e2450dee8cf54991b0f95c415ac508d5db1227338efcf03c162cd",
                "sha256:405ce136edb18c6f1f8c5acc75d7d8fbb875cc8b5015562251b93435099233d3",
                "sha256:43ccfed0092def52b924e004780517c762f8fce3ececbd3f8e2580ac0538bb5e",
                "sha256:47b4c4da2fe0618b65fd70987a414fdc24c09e1ffdff77f7147a3c6627b07596",
                "sha256:4c64d9c389827f310c7f4e7887b741c34c6b2c337ff63a12f66ef0197fdf5366",
                "sha256:4eac5f2f624c5e7eecbdb51395ff39a099c48cab607a158f16f288c6fe39a2b3",
                "sha256:56e68de63ae738f40669b6a5f0601f9453940a0470a1e9bea16448e5b53f5f28",
                "sha256:5cb6341fc885b101978328d3c8d51a069a97a00699a30891106ef7dda56a0d30",
                "sha256:5dd60892710df0ef654bbf4d1e3cb53ac79845e55a96e4a26dd47218e06d819a",
                "sha256:727d6373355b00b96d9320254a676b878d6cd43ae409186bec27eec3e5e4e6e7",
                "sha256:7e9015bc5de54c8bd73ca750ccedfda25d34a25a767caf802740d35a692ec3ab",
                "sha256:818d5a1d5752d09929ce1ba1735366d5acc769a1839386dc91f3ac30cf9faf19",
                "sha256:92dce120e385767cbe433719b5e3fdb1ac81907140d3984b3187208f79aff19f",
                "sha256:95e52d1077abeead6d205c1fc644f075228813859bb625960c1ae1248c4189ba",
                "sha256:9cd16915a815c2f04633d14e7640083c1b72e82b325439c91370adfd376c9975",
                "sha256:9ce673bb7b6240b94b60b52186f5c0825f4b31e8191c8bc7412a7d0348fca2cd",
                "sha256:a65266a4ad6ec8936a1bc85ce51f8600634a31a258b722c9274a80ff189d9542",
                "sha256:bcbce5ef18dc826ef67756a0d3669baca815c8d44b26867c6865f714a23d9262",
                "sha256:ca917155b35b3bcc68ef1ad82570a29414f5088495ea8f68c65b071c50e64340",
                "sha256:cd7892f7d644d1b4ed2ead254d4851616c07ecf82618e3203e2a81747ffb6069",
                "sha256:d8dbd7e35e4819e059a044c7545d5602937d6b666dbd9b6eb8ff40037ab0980c",
                "sha256:e97cecd783e8e7e70d18a42f6df7f18be14cbcc82fb9b837b03d072d1401ae53"
            ],
            "index": "pypi",
            "version": "==1.12.1"
        },
        "pygments": {
            "hashes": [
                "sha256:78f3f434bcc5d6ee09020f92ba487f95ba50f1e3ef83ae96b9d5ffa1bab25c5d",
                "sha256:dbae1046def0efb574852fab9e90209b23f556367b5a320c0bcb871c77c3e8cc"
            ],
            "index": "pypi",
            "version": "==2.2.0"
        },
        "pyparsing": {
            "hashes": [
                "sha256:0832bcf47acd283788593e7a0f542407bd9550a55a8a8435214a1960e04bcb04",
                "sha256:281683241b25fe9b80ec9d66017485f6deff1af5cde372469134b56ca8447a07",
                "sha256:8f1e18d3fd36c6795bb7e02a39fd05c611ffc2596c1e0d995d34d67630426c18",
                "sha256:9e8143a3e15c13713506886badd96ca4b579a87fbdf49e550dbfc057d6cb218e",
                "sha256:b8b3117ed9bdf45e14dcc89345ce638ec7e0e29b2b579fa1ecf32ce45ebac8a5",
                "sha256:e4d45427c6e20a59bf4f88c639dcc03ce30d193112047f94012102f235853a58",
                "sha256:fee43f17a9c4087e7ed1605bd6df994c6173c1e977d7ade7b651292fab2bd010"
            ],
            "index": "pypi",
            "version": "==2.2.0"
        },
        "pytz": {
            "hashes": [
                "sha256:03c9962afe00e503e2d96abab4e8998a0f84d4230fa57afe1e0528473698cdd9",
                "sha256:39504670abb5dae77f56f8eb63823937ce727d7cdd0088e6909e6dcac0f89043",
                "sha256:43f52d4c6a0be301d53ebd867de05e2926c35728b3260157d274635a0a947f1c",
                "sha256:487e7d50710661116325747a9cd1744d3323f8e49748e287bc9e659060ec6bf9",
                "sha256:54a935085f7bf101f86b2aff75bd9672b435f51c3339db2ff616e66845f2b8f9",
                "sha256:c883c2d6670042c7bc1688645cac73dd2b03193d1f7a6847b6154e96890be06d",
                "sha256:d1d6729c85acea5423671382868627129432fba9a89ecbb248d8d1c7a9f01c67",
                "sha256:ddc93b6d41cfb81266a27d23a79e13805d4a5521032b512643af8729041a81b4",
                "sha256:f5c056e8f62d45ba8215e5cb8f50dfccb198b4b9fbea8500674f3443e4689589"
            ],
            "index": "pypi",
            "version": "==2017.2"
        },
        "pyyaml": {
            "hashes": [
                "sha256:0c507b7f74b3d2dd4d1322ec8a94794927305ab4cebbe89cc47fe5e81541e6e8",
                "sha256:16b20e970597e051997d90dc2cddc713a2876c47e3d92d59ee198700c5427736",
                "sha256:3262c96a1ca437e7e4763e2843746588a965426550f3797a79fca9c6199c431f",
                "sha256:326420cbb492172dec84b0f65c80942de6cedb5233c413dd824483989c000608",
                "sha256:4474f8ea030b5127225b8894d626bb66c01cda098d47a2b0d3429b6700af9fd8",
                "sha256:592766c6303207a20efc445587778322d7f73b161bd994f227adaa341ba212ab",
                "sha256:5ac82e411044fb129bae5cfbeb3ba626acb2af31a8d17d175004b70862a741a7",
                "sha256:5f84523c076ad14ff5e6c037fe1c89a7f73a3e04cf0377cb4d017014976433f3",
                "sha256:827dc04b8fa7d07c44de11fabbc888e627fa8293b695e0f99cb544fdfa1bf0d1",
                "sha256:b4c423ab23291d3945ac61346feeb9a0dc4184999ede5e7c43e1ffb975130ae6",
                "sha256:bc6bced57f826ca7cb5125a10b23fd0f2fff3b7c4701d64c439a300ce665fff8",
                "sha256:c01b880ec30b5a6e6aa67b09a2fe3fb30473008c85cd6a67359a1b15ed6d83a4",
                "sha256:ca233c64c6e40eaa6c66ef97058cdc80e8d0157a443655baa1b2966e812807ca",
                "sha256:e863072cdf4c72eebf179342c94e6989c67185842d9997960b3e69290b2fa269"
            ],
            "index": "pypi",
            "version": "==3.12"
        },
        "requests": {
            "hashes": [
                "sha256:012cddec41f96a1ce4bab4b0a0ed40263ae6b2b03aa4bc4711e00418e7f3157c",
                "sha256:88eee720e83bc1dcb009ad5e2a8f1d41e903892121ec2a36eba7bf5a2d3ac2a0"
            ],
            "index": "pypi",
            "version": "==2.16.0"
        },
        "scipy": {
            "hashes": [
                "sha256:0496f2b204a63cde3797e5452bf671ee25afc11bd9489ae69cd4dccee13083a1",
                "sha256:1bcf71f2e534a1aabf9f075700701bf3af434120b1b114dfa4723d02e076ed1f",
                "sha256:2e70ded029d51f6a48d4b2a154f583b85aa2e3290dfd71e0b6bbcfe9454cffdd",
                "sha256:3c34987ee52fd98b34f2e4a6d277b452d49056f1383550acc54c5bab408a194c",
                "sha256:4147b97709e75822e73d312e4d262410baafa961a7b11649a7b4b7c2d41fb4fe",
                "sha256:4190d34bf9a09626cd42100bbb12e3d96b2daf1a8a3244e991263eb693732122",
                "sha256:47f537214293a5d74b05d217afa49b582b7fd9428ec9ea64be69210cfc56611a",
                "sha256:4b2731a191dfa48a05b2f5bc18881595a1418092092ecdd8d3feab80f72adc96",
                "sha256:517a85600d6574fef1a67e6d2001b847c27c8bfd136f7a12879c3f91e7bb291f",
                "sha256:57f7be33f1009ad6199132e8a7e5d4c9727224680d8cbc4596a2a8935a86f96b",
                "sha256:663e78bfa197376547424aff9fb5009e7b2f26855ee5aaf1a2ddbb2f4dc6af3b",
                "sha256:e1c45905f550b5f14e1f47697c92bab5c1e6ba77da5a441bd2affa4621c41b26",
                "sha256:eabdfde8276007e9aec9a400f9528645001a30f7d78b04a0ab215183d9523e2a",
                "sha256:f5a3a7dcbeb345c227770029870aeb547a3c207a6cbc0106d6157139fd0c23e9",
                "sha256:fa67bbb0a3225fcd8610d693e7b2ca08fda107359e48229f7b83593bbb70cc97"
            ],
            "index": "pypi",
            "version": "==0.19.0"
        },
        "six": {
            "hashes": [
                "sha256:0ff78c403d9bccf5a425a6d31a12aa6b47f1c21ca4dc2573a7e2f32a97335eb1",
                "sha256:105f8d68616f8248e24bf0e9372ef04d3cc10104f1980f54d57b2ce73a5ad56a"
            ],
            "index": "pypi",
            "version": "==1.10.0"
        },
        "snowballstemmer": {
            "hashes": [
                "sha256:919f26a68b2c17a7634da993d91339e288964f93c274f1343e3bbbe2096e1128",
                "sha256:9f3bcd3c401c3e862ec0ebe6d2c069ebc012ce142cce209c098ccb5b09136e89"
            ],
            "index": "pypi",
            "version": "==1.2.1"
        },
        "sphinx": {
            "hashes": [
                "sha256:50974b1405f0d2a452013283b7d3ff20305b4bd8ecb65566c6f9f6192b7625a0",
                "sha256:7581d82c3f206f0ac380edeeba890a2e2d2be011e5abe94684ceb0df4b6acc3f"
            ],
            "index": "pypi",
            "version": "==1.6.1"
        },
        "sphinxcontrib-websupport": {
            "hashes": [
                "sha256:7a85961326aa3a400cd4ad3c816d70ed6f7c740acd7ce5d78cd0a67825072eb9",
                "sha256:f4932e95869599b89bf4f80fc3989132d83c9faa5bf633e7b5e0c25dffb75da2"
            ],
            "index": "pypi",
            "version": "==1.0.1"
        },
        "typing": {
            "hashes": [
                "sha256:c36dec260238e7464213dcd50d4b5ef63a507972f5780652e835d0228d0edace"
            ],
            "index": "pypi",
            "version": "==3.6.1"
        },
        "urllib3": {
            "hashes": [
                "sha256:8ed6d5c1ff9d6ba84677310060d6a3a78ca3072ce0684cb3c645023009c114b1",
                "sha256:b14486978518ca0901a76ba973d7821047409d7f726f22156b24e83fd71382a5"
            ],
            "index": "pypi",
            "version": "==1.21.1"
        }
    },
    "develop": {}
}
