[[package]]
name = "atomicwrites"
version = "1.1.5"
description = "Atomic file writes."
category = "dev"
optional = false
python-versions = "*"
platform = "UNKNOWN"

[[package]]
name = "attrs"
version = "18.1.0"
description = "Classes Without Boilerplate"
category = "dev"
optional = false
python-versions = "*"
platform = "*"

[[package]]
name = "colorama"
version = "0.3.9"
description = "Cross-platform colored terminal text."
category = "dev"
optional = false
python-versions = "*"
platform = "UNKNOWN"

[package.requirements]
platform = "win32"
[[package]]
name = "coverage"
version = "4.5.1"
description = "Code coverage measurement for Python"
category = "dev"
optional = false
python-versions = ">=2.6, !=3.0.*, !=3.1.*, !=3.2.*, <4"
platform = "*"

[[package]]
name = "funcsigs"
version = "1.0.2"
description = "Python function signatures from PEP362 for Python 2.6, 2.7 and 3.2+"
category = "dev"
optional = false
python-versions = "*"
platform = "UNKNOWN"

[package.dependencies]
ordereddict = "*"
[package.requirements]
python = "<3.0"
[[package]]
name = "h5py"
version = "2.7.1"
description = "Read and write HDF5 files from Python"
category = "main"
optional = false
python-versions = "*"
platform = "*"

[package.dependencies]
numpy = ">= 1.7.0.0"
six = "*"
[[package]]
name = "more-itertools"
version = "4.2.0"
description = "More routines for operating on iterables, beyond itertools"
category = "dev"
optional = false
python-versions = "*"
platform = "*"

[package.dependencies]
six = "< 2.0.0.0, >= 1.0.0.0"
[[package]]
name = "numpy"
version = "1.14.3"
description = "NumPy: array processing for numbers, strings, records, and objects."
category = "main"
optional = false
python-versions = ">=2.7,!=3.0.*,!=3.1.*,!=3.2.*,!=3.3.*"
platform = "Windows"

[[package]]
name = "ordereddict"
version = "1.1"
description = "A drop-in substitute for Py2.7's new collections.OrderedDict that works in Python 2.4-2.6."
category = "dev"
optional = false
python-versions = "*"
platform = "UNKNOWN"

[package.requirements]
python = "<3.0"
[[package]]
name = "pluggy"
version = "0.6.0"
description = "plugin and hook calling mechanisms for python"
category = "dev"
optional = false
python-versions = ">=2.7, !=3.0.*, !=3.1.*, !=3.2.*, !=3.3.*"
platform = "unix"

[[package]]
name = "py"
version = "1.5.3"
description = "library with cross-python path, ini-parsing, io, code, log facilities"
category = "dev"
optional = false
python-versions = ">=2.7, !=3.0.*, !=3.1.*, !=3.2.*, !=3.3.*"
platform = "unix"

[[package]]
name = "pyaml"
version = "17.12.1"
description = "PyYAML-based module to produce pretty and readable YAML-serialized data"
category = "dev"
optional = false
python-versions = "*"
platform = "*"

[package.dependencies]
PyYAML = "*"
[[package]]
name = "pydoe"
version = "0.3.8"
description = "Design of experiments for Python"
category = "main"
optional = false
python-versions = "*"
platform = "UNKNOWN"

[[package]]
name = "pytest"
version = "3.6.0"
description = "pytest: simple powerful testing with Python"
category = "dev"
optional = false
python-versions = ">=2.7, !=3.0.*, !=3.1.*, !=3.2.*, !=3.3.*"
platform = "unix"

[package.dependencies]
colorama = "*"
funcsigs = "*"
pluggy = "< 0.7.0.0, >= 0.5.0.0"
atomicwrites = ">= 1.0.0.0"
more-itertools = ">= 4.0.0.0"
attrs = ">= 17.4.0.0"
setuptools = "*"
six = ">= 1.10.0.0"
py = ">= 1.5.0.0"
[[package]]
name = "pyyaml"
version = "3.12"
description = "YAML parser and emitter for Python"
category = "dev"
optional = false
python-versions = "*"
platform = "Any"

[[package]]
name = "scipy"
version = "1.1.0"
description = "SciPy: Scientific Library for Python"
category = "main"
optional = false
python-versions = ">=2.7,!=3.0.*,!=3.1.*,!=3.2.*,!=3.3.*"
platform = "Windows"

[package.dependencies]
numpy = ">= 1.8.2.0"
[[package]]
name = "six"
version = "1.11.0"
description = "Python 2 and 3 compatibility utilities"
category = "main"
optional = false
python-versions = "*"
platform = "*"

[metadata]
python-versions = "*"
platform = "*"
content-hash = "bd031aa928b5a1400849f651d961c57cb317bc0e6f12d083a3488932bf161350"

[metadata.hashes]
atomicwrites = [ "a24da68318b08ac9c9c45029f4a10371ab5b20e4226738e150e6e7c571630ae6", "240831ea22da9ab882b551b31d4225591e5e447a68c5e188db5b89ca1d487585",]
attrs = [ "4b90b09eeeb9b88c35bc642cbac057e45a5fd85367b985bd2809c62b7b939265", "e0d0eb91441a3b53dab4d9b743eafc1ac44476296a2053b6ca3af0b139faf87b",]
colorama = [ "463f8483208e921368c9f306094eb6f725c6ca42b0f97e313cb5d5512459feda", "48eb22f4f8461b1df5734a074b57042430fb06e1d61bd1e11b078c0fe6d7a1f1",]
coverage = [ "7608a3dd5d73cb06c531b8925e0ef8d3de31fed2544a7de6c63960a1e73ea4bc", "3a2184c6d797a125dca8367878d3b9a178b6fdd05fdc2d35d758c3006a1cd694", "f3f501f345f24383c0000395b26b726e46758b71393267aeae0bd36f8b3ade80", "0b136648de27201056c1869a6c0d4e23f464750fd9a9ba9750b8336a244429ed", "337ded681dd2ef9ca04ef5d93cfc87e52e09db2594c296b4a0a3662cb1b41249", "3eb42bf89a6be7deb64116dd1cc4b08171734d721e7a7e57ad64cc4ef29ed2f1", "be6cfcd8053d13f5f5eeb284aa8a814220c3da1b0078fa859011c7fffd86dab9", "69bf008a06b76619d3c3f3b1983f5145c75a305a0fea513aca094cae5c40a8f5", "2eb564bbf7816a9d68dd3369a510be3327f1c618d2357fa6b1216994c2e3d508", "9d6dd10d49e01571bf6e147d3b505141ffc093a06756c60b053a859cb2128b1f", "701cd6093d63e6b8ad7009d8a92425428bc4d6e7ab8d75efbb665c806c1d79ba", "5a13ea7911ff5e1796b6d5e4fbbf6952381a611209b736d48e675c2756f3f74e", "c1bb572fab8208c400adaf06a8133ac0712179a334c09224fb11393e920abcdd", "03481e81d558d30d230bc12999e3edffe392d244349a90f4ef9b88425fac74ba", "28b2191e7283f4f3568962e373b47ef7f0392993bb6660d079c62bd50fe9d162", "de4418dadaa1c01d497e539210cb6baa015965526ff5afc078c57ca69160108d", "8c3cb8c35ec4d9506979b4cf90ee9918bc2e49f84189d9bf5c36c0c1119c6558", "7e1fe19bd6dce69d9fd159d8e4a80a8f52101380d5d3a4d374b6d3eae0e5de9c", "6bc583dc18d5979dc0f6cec26a8603129de0304d5ae1f17e57a12834e7235062", "198626739a79b09fa0a2f06e083ffd12eb55449b5f8bfdbeed1df4910b2ca640", "7aa36d2b844a3e4a4b356708d79fd2c260281a7390d678a10b91ca595ddc9e99", "3d72c20bd105022d29b14a7d628462ebdc61de2f303322c0212a054352f3b287", "4635a184d0bbe537aa185a34193898eee409332a8ccb27eea36f262566585000", "e05cb4d9aad6233d67e0541caa7e511fa4047ed7750ec2510d466e806e0255d6", "76ecd006d1d8f739430ec50cc872889af1f9c1b6b8f48e29941814b09b0fd3cc", "7d3f553904b0c5c016d1dad058a7554c7ac4c91a789fca496e7d8347ad040653", "3c79a6f7b95751cdebcd9037e4d06f8d5a9b60e4ed0cd231342aa8ad7124882a", "56e448f051a201c5ebbaa86a5efd0ca90d327204d8b059ab25ad0f35fbfd79f1", "ac4fef68da01116a5c117eba4dd46f2e06847a497de5ed1d64bb99a5fda1ef91", "1c383d2ef13ade2acc636556fd544dba6e14fa30755f26812f54300e401f98f2", "b8815995e050764c8610dbc82641807d196927c3dbed207f0a079833ffcf588d", "104ab3934abaf5be871a583541e8829d6c19ce7bde2923b2751e0d3ca44db60a", "9e112fcbe0148a6fa4f0a02e8d58e94470fc6cb82a5481618fea901699bf34c4", "15b111b6a0f46ee1a485414a52a7ad1d703bdf984e9ed3c288a4414d3871dcbd", "e4d96c07229f58cb686120f168276e434660e4358cc9cf3b0464210b04913e77", "f8a923a85cb099422ad5a2e345fe877bbc89a8a8b23235824a93488150e45f6e",]
funcsigs = [ "330cc27ccbf7f1e992e69fef78261dc7c6569012cf397db8d3de0234e6c937ca", "a7bb0f2cf3a3fd1ab2732cb49eba4252c2af4240442415b4abce3b87022a8f50",]
h5py = [ "562045c57a2e47aca9c716ac8cd64448d4897c0f5fe456ab5a34b17c8b3907cb", "e1bfcfa2c425dc0f637d4edd858b94e400bbb5746dba324ace124d55fc21d3df", "9e0537058efea7547d976f9c00067f7193727bb41ce6b4733c52de35beaa46f5", "9d9fb861e10735c5c710fe18f34c69e470cf161a4ba38717b7dde21de2d33760", "2d137a1b2f529e58886b5865f6dec51cd96ea0671dd84cebc6dba5cd8c7d0a75", "2ccb4f405059314829ebad1859d2c68e133a9d13ca7c3cc7a298a76a438fd09c", "52204972a02032d6a427addd37a24a22a2b97d4bce0850c84a6995db9c91926c", "1be9cd57e74b24f836d0d2c34ae376ff2df704f40aa8815aa9113b5a860d467f", "2258fca3533a3276fd86e9196326786f408a95748ac707c010fff265edf60342", "66609c48f8841357ced4291b7c9009518bb6e6fec449d91eb46aa417b6f5f4cf", "4a6e6cd8668fa453864f4f9e243460dcc2d41e79d14516b84f4ba74ebcc5b222", "a314e5e98037ece52ad0b88b4e0d788ca554935268f3e9d293ca9bcd18611b42", "478efa37b84a56061af5fcd286678331e873e216f6c5987cd31f9666edc2f157", "2b91c9117f2e7a2ef924bec41ac77e57567bec6731773373bf78eb4387b39a2a", "07ddea6bb649a257fc57ccae359a36d691b2ef8b9617971ae7d6f74ef6f67cad", "bb990d8663dbeee22ce44135ffd65ab38bd23d6a689722a653cfbf2d18d46688", "e78f09a44fc9256b84c9df98edf7b6ead3b3da2e12bf2d1e00384960a6a78a1a", "40dd37cbf24ca3b935a8d6eb8960ec5d0381219f82317bdc40aa9e08b3fcc143", "1fad9aa32835230de77b31edd6980b7c202de7bb7d8384d1bcb47b5dd32c8c7c", "537a60879485e5ce484ab4350c7bd8b3da4b531f9f82ef0a18780beabde98c90", "c050791989cd9979fe57a770d4e323b2e67ef95800e89e7dc6ad3652b8ccd86f", "b7e1c42367513108c3615cf1a24a9d366fd93eb9d2d92085bafb3011b785e8a9", "180a688311e826ff6ae6d3bda9b5c292b90b28787525ddfcb10a29d5ddcae2cc",]
more-itertools = [ "a18d870ef2ffca2b8463c0070ad17b5978056f403fb64e3f15fe62a52db21cc0", "6703844a52d3588f951883005efcf555e49566a48afd4db4e965d69b883980d3", "2b6b9893337bfd9166bee6a62c2b0c9fe7735dcf85948b387ec8cba30e85d8e8",]
numpy = [ "a8dbab311d4259de5eeaa5b4e83f5f8545e4808f9144e84c0f424a6ee55a7b98", "034717bfef517858abc79324820a702dc6cd063effb9baab86533e8a78670689", "f39afab5769b3aaa786634b94b4a23ef3c150bdda044e8a32a3fc16ddafe803b", "8670067685051b49d1f2f66e396488064299fefca199c7c80b6ba0c639fedc98", "0db6301324d0568089663ef2701ad90ebac0e975742c97460e89366692bd0563", "98ff275f1b5907490d26b30b6ff111ecf2de0254f0ab08833d8fe61aa2068a00", "aaef1bea636b6e552bbc5dae0ada87d4f6046359daaa97a05a013b0169620f27", "760550fdf9d8ec7da9c4402a4afe6e25c0f184ae132011676298a6b636660b45", "e8578a62a8eaf552b95d62f630bb5dd071243ba1302bbff3e55ac48588508736", "e33baf50f2f6b7153ddb973601a11df852697fba4c08b34a5e0f39f66f8120e1", "0074d42e2cc333800bd09996223d40ec52e3b1ec0a5cab05dacc09b662c4c1ae", "c3fe23df6fe0898e788581753da453f877350058c5982e85a8972feeecb15309", "1864d005b2eb7598063e35c320787d87730d864f40d6410f768fe4ea20672016", "f22b3206f1c561dd9110b93d144c6aaa4a9a354e3b07ad36030df3ea92c5bb5b", "c80fcf9b38c7f4df666150069b04abbd2fe42ae640703a6e1f128cda83b552b7", "510863d606c932b41d2209e4de6157ab3fdf52001d3e4ad351103176d33c4b8b", "c5eb7254cfc4bd7a4330ad7e1f65b98343836865338c57b0e25c661e41d5cfd9", "b8987e30d9a0eb6635df9705a75cf8c4a2835590244baecf210163343bc65176", "57dc6c22d59054542600fce6fae2d1189b9c50bafc1aab32e55f7efcc84a6c46", "46ce8323ca9384814c7645298b8b627b7d04ce97d6948ef02da357b2389d6972", "9ccf4d5c9139b1e985db915039baa0610a7e4a45090580065f8d8cb801b7422f", "560e23a12e7599be8e8b67621396c5bc687fd54b48b890adbc71bc5a67333f86", "9016692c7d390f9d378fc88b7a799dc9caa7eb938163dda5276d3f3d6f75debf",]
ordereddict = [ "1c35b4ac206cef2d24816c89f89cf289dd3d38cf7c449bb3fab7bf6d43f01b1f",]
pluggy = [ "d345c8fe681115900d6da8d048ba67c25df42973bda370783cd58826442dcd7c", "e160a7fcf25762bb60efc7e171d4497ff1d8d2d75a3d0df7a21b76821ecbf5c5", "7f8ae7f5bdf75671a718d2daf0a64b7885f74510bcd98b1a0bb420eb9a9d0cff",]
py = [ "983f77f3331356039fdd792e9220b7b8ee1aa6bd2b25f567a963ff1de5a64f6a", "29c9fab495d7528e80ba1e343b958684f4ace687327e6f789a94bf3d1915f881",]
pyaml = [ "f83fc302c52c6b83a15345792693ae0b5bc07ad19f59e318b7617d7123d62990", "66623c52f34d83a2c0fc963e08e8b9d0c13d88404e3b43b1852ef71eda19afa3",]
pydoe = [ "cbd6f14ae26d3c9f736013205f53ea1191add4567033c3ee77b7dd356566c4b6",]
pytest = [ "c76e93f3145a44812955e8d46cdd302d8a45fbfc7bf22be24fe231f9d8d8853a", "39555d023af3200d004d09e51b4dd9fdd828baa863cded3fd6ba2f29f757ae2d",]
pyyaml = [ "3262c96a1ca437e7e4763e2843746588a965426550f3797a79fca9c6199c431f", "16b20e970597e051997d90dc2cddc713a2876c47e3d92d59ee198700c5427736", "e863072cdf4c72eebf179342c94e6989c67185842d9997960b3e69290b2fa269", "bc6bced57f826ca7cb5125a10b23fd0f2fff3b7c4701d64c439a300ce665fff8", "c01b880ec30b5a6e6aa67b09a2fe3fb30473008c85cd6a67359a1b15ed6d83a4", "827dc04b8fa7d07c44de11fabbc888e627fa8293b695e0f99cb544fdfa1bf0d1", "592766c6303207a20efc445587778322d7f73b161bd994f227adaa341ba212ab", "5f84523c076ad14ff5e6c037fe1c89a7f73a3e04cf0377cb4d017014976433f3", "0c507b7f74b3d2dd4d1322ec8a94794927305ab4cebbe89cc47fe5e81541e6e8", "b4c423ab23291d3945ac61346feeb9a0dc4184999ede5e7c43e1ffb975130ae6", "ca233c64c6e40eaa6c66ef97058cdc80e8d0157a443655baa1b2966e812807ca", "4474f8ea030b5127225b8894d626bb66c01cda098d47a2b0d3429b6700af9fd8", "326420cbb492172dec84b0f65c80942de6cedb5233c413dd824483989c000608", "5ac82e411044fb129bae5cfbeb3ba626acb2af31a8d17d175004b70862a741a7",]
scipy = [ "340ef70f5b0f4e2b4b43c8c8061165911bc6b2ad16f8de85d9774545e2c47463", "c22b27371b3866c92796e5d7907e914f0e58a36d3222c5d436ddd3f0e354227a", "d8491d4784aceb1f100ddb8e31239c54e4afab8d607928a9f7ef2469ec35ae01", "8190770146a4c8ed5d330d5b5ad1c76251c63349d25c96b3094875b930c44692", "08237eda23fd8e4e54838258b124f1cd141379a5f281b0a234ca99b38918c07a", "dfc5080c38dde3f43d8fbb9c0539a7839683475226cf83e4b24363b227dfe552", "e7a01e53163818d56eabddcafdc2090e9daba178aad05516b20c6591c4811020", "0e645dbfc03f279e1946cf07c9c754c2a1859cb4a41c5f70b25f6b3a586b6dbd", "f0521af1b722265d824d6ad055acfe9bd3341765735c44b5a4d0069e189a0f40", "3b243c77a822cd034dad53058d7c2abf80062aa6f4a32e9799c95d6391558631", "8f841bbc21d3dad2111a94c490fb0a591b8612ffea86b8e5571746ae76a3deac", "ee677635393414930541a096fc8e61634304bb0153e4e02b75685b11eba14cae", "423b3ff76957d29d1cce1bc0d62ebaf9a3fdfaf62344e3fdec14619bb7b5ad3a", "0611ee97296265af4a21164a5323f8c1b4e8e15c582d3dfa7610825900136bb7", "108c16640849e5827e7d51023efb3bd79244098c3f21e4897a1007720cb7ce37", "3ad73dfc6f82e494195144bd3a129c7241e761179b7cb5c07b9a0ede99c686f3", "d0cdd5658b49a722783b8b4f61a6f1f9c75042d0e29a30ccb6cacc9b25f6d9e2", "e24e22c8d98d3c704bb3410bce9b69e122a8de487ad3dbfe9985d154e5c03a40", "404a00314e85eca9d46b80929571b938e97a143b4f2ddc2b2b3c91a4c4ead9c5", "729f8f8363d32cebcb946de278324ab43d28096f36593be6281ca1ee86ce6559", "0e9bb7efe5f051ea7212555b290e784b82f21ffd0f655405ac4f87e288b730b3", "698c6409da58686f2df3d6f815491fd5b4c2de6817a45379517c92366eea208f", "878352408424dffaa695ffedf2f9f92844e116686923ed9aa8626fc30d32cfd1",]
six = [ "832dc0e10feb1aa2c68dcc57dbb658f1c7e65b9b61af69048abc87a2db00a0eb", "70e8a77beed4562e7f14fe23a786b54f6296e34344c23bc42f07b15018ff98e9",]
